# This file is automatically @generated by Cargo.
# It is not intended for manual editing.
version = 4

[[package]]
name = "bear_and_big_brother"
version = "0.1.0"

[[package]]
name = "beautiful_matrix"
version = "0.1.0"

[[package]]
name = "bit_plusplus"
version = "0.1.0"

[[package]]
name = "boy_or_girl"
version = "0.1.0"

[[package]]
name = "domino_piling"
version = "0.1.0"

[[package]]
name = "elephant"
version = "0.1.0"

[[package]]
name = "helpful_maths"
version = "0.1.0"

[[package]]
name = "next_round"
version = "0.1.0"

[[package]]
name = "petya_and_strings"
version = "0.1.0"

[[package]]
name = "stones_on_the_table"
version = "0.1.0"

[[package]]
name = "team"
version = "0.1.0"

[[package]]
name = "watermelon"
version = "0.1.0"

[[package]]
name = "waytoolongwords"
version = "0.1.0"

[[package]]
name = "word_capitalization"
version = "0.1.0"
