# This file is automatically @generated by Cargo.
# It is not intended for manual editing.
version = 4

[[package]]
name = "beautiful_matrix"
version = "0.1.0"

[[package]]
name = "bit_plusplus"
version = "0.1.0"

[[package]]
name = "domino_piling"
version = "0.1.0"

[[package]]
name = "next_round"
version = "0.1.0"

[[package]]
name = "team"
version = "0.1.0"

[[package]]
name = "watermelon"
version = "0.1.0"

[[package]]
name = "waytoolongwords"
version = "0.1.0"
